// !$*UTF8*$!
{
	archiveVersion = 1;
	classes = {
	};
	objectVersion = 50;
	objects = {

/* Begin PBXBuildFile section */
		3CE1B6482523C8BE003161F5 /* AppDelegate.m in Sources */ = {isa = PBXBuildFile; fileRef = 3CE1B6472523C8BE003161F5 /* AppDelegate.m */; };
		3CE1B64B2523C8BE003161F5 /* SceneDelegate.m in Sources */ = {isa = PBXBuildFile; fileRef = 3CE1B64A2523C8BE003161F5 /* SceneDelegate.m */; };
		3CE1B6512523C8BE003161F5 /* Main.storyboard in Resources */ = {isa = PBXBuildFile; fileRef = 3CE1B64F2523C8BE003161F5 /* Main.storyboard */; };
		3CE1B6532523C8BF003161F5 /* Assets.xcassets in Resources */ = {isa = PBXBuildFile; fileRef = 3CE1B6522523C8BF003161F5 /* Assets.xcassets */; };
		3CE1B6562523C8BF003161F5 /* LaunchScreen.storyboard in Resources */ = {isa = PBXBuildFile; fileRef = 3CE1B6542523C8BF003161F5 /* LaunchScreen.storyboard */; };
		3CE1B6592523C8BF003161F5 /* main.m in Sources */ = {isa = PBXBuildFile; fileRef = 3CE1B6582523C8BF003161F5 /* main.m */; };
		3CE1B66C2523CB71003161F5 /* DVMCard.m in Sources */ = {isa = PBXBuildFile; fileRef = 3CE1B66B2523CB71003161F5 /* DVMCard.m */; };
		3CE1B6702523D1E1003161F5 /* DVMCardController.m in Sources */ = {isa = PBXBuildFile; fileRef = 3CE1B66F2523D1E1003161F5 /* DVMCardController.m */; };
		3CE1B6742523E073003161F5 /* DVMCardViewController.swift in Sources */ = {isa = PBXBuildFile; fileRef = 3CE1B6732523E073003161F5 /* DVMCardViewController.swift */; };
/* End PBXBuildFile section */

/* Begin PBXFileReference section */
		3CE1B6432523C8BE003161F5 /* DeckOfOneCard-ObjC.app */ = {isa = PBXFileReference; explicitFileType = wrapper.application; includeInIndex = 0; path = "DeckOfOneCard-ObjC.app"; sourceTree = BUILT_PRODUCTS_DIR; };
		3CE1B6462523C8BE003161F5 /* AppDelegate.h */ = {isa = PBXFileReference; lastKnownFileType = sourcecode.c.h; path = AppDelegate.h; sourceTree = "<group>"; };
		3CE1B6472523C8BE003161F5 /* AppDelegate.m */ = {isa = PBXFileReference; lastKnownFileType = sourcecode.c.objc; path = AppDelegate.m; sourceTree = "<group>"; };
		3CE1B6492523C8BE003161F5 /* SceneDelegate.h */ = {isa = PBXFileReference; lastKnownFileType = sourcecode.c.h; path = SceneDelegate.h; sourceTree = "<group>"; };
		3CE1B64A2523C8BE003161F5 /* SceneDelegate.m */ = {isa = PBXFileReference; lastKnownFileType = sourcecode.c.objc; path = SceneDelegate.m; sourceTree = "<group>"; };
		3CE1B6502523C8BE003161F5 /* Base */ = {isa = PBXFileReference; lastKnownFileType = file.storyboard; name = Base; path = Base.lproj/Main.storyboard; sourceTree = "<group>"; };
		3CE1B6522523C8BF003161F5 /* Assets.xcassets */ = {isa = PBXFileReference; lastKnownFileType = folder.assetcatalog; path = Assets.xcassets; sourceTree = "<group>"; };
		3CE1B6552523C8BF003161F5 /* Base */ = {isa = PBXFileReference; lastKnownFileType = file.storyboard; name = Base; path = Base.lproj/LaunchScreen.storyboard; sourceTree = "<group>"; };
		3CE1B6572523C8BF003161F5 /* Info.plist */ = {isa = PBXFileReference; lastKnownFileType = text.plist.xml; path = Info.plist; sourceTree = "<group>"; };
		3CE1B6582523C8BF003161F5 /* main.m */ = {isa = PBXFileReference; lastKnownFileType = sourcecode.c.objc; path = main.m; sourceTree = "<group>"; };
		3CE1B6602523CA2E003161F5 /* README.md */ = {isa = PBXFileReference; lastKnownFileType = net.daringfireball.markdown; path = README.md; sourceTree = "<group>"; };
		3CE1B66A2523CB71003161F5 /* DVMCard.h */ = {isa = PBXFileReference; lastKnownFileType = sourcecode.c.h; path = DVMCard.h; sourceTree = "<group>"; };
		3CE1B66B2523CB71003161F5 /* DVMCard.m */ = {isa = PBXFileReference; lastKnownFileType = sourcecode.c.objc; path = DVMCard.m; sourceTree = "<group>"; };
		3CE1B66E2523D1E1003161F5 /* DVMCardController.h */ = {isa = PBXFileReference; lastKnownFileType = sourcecode.c.h; path = DVMCardController.h; sourceTree = "<group>"; };
		3CE1B66F2523D1E1003161F5 /* DVMCardController.m */ = {isa = PBXFileReference; lastKnownFileType = sourcecode.c.objc; path = DVMCardController.m; sourceTree = "<group>"; };
		3CE1B6722523E073003161F5 /* DeckOfOneCard-ObjC-Bridging-Header.h */ = {isa = PBXFileReference; lastKnownFileType = sourcecode.c.h; path = "DeckOfOneCard-ObjC-Bridging-Header.h"; sourceTree = "<group>"; };
		3CE1B6732523E073003161F5 /* DVMCardViewController.swift */ = {isa = PBXFileReference; lastKnownFileType = sourcecode.swift; path = DVMCardViewController.swift; sourceTree = "<group>"; };
/* End PBXFileReference section */

/* Begin PBXFrameworksBuildPhase section */
		3CE1B6402523C8BE003161F5 /* Frameworks */ = {
			isa = PBXFrameworksBuildPhase;
			buildActionMask = 2147483647;
			files = (
			);
			runOnlyForDeploymentPostprocessing = 0;
		};
/* End PBXFrameworksBuildPhase section */

/* Begin PBXGroup section */
		3CE1B63A2523C8BE003161F5 = {
			isa = PBXGroup;
			children = (
				3CE1B6602523CA2E003161F5 /* README.md */,
				3CE1B6452523C8BE003161F5 /* DeckOfOneCard-ObjC */,
				3CE1B6442523C8BE003161F5 /* Products */,
			);
			sourceTree = "<group>";
		};
		3CE1B6442523C8BE003161F5 /* Products */ = {
			isa = PBXGroup;
			children = (
				3CE1B6432523C8BE003161F5 /* DeckOfOneCard-ObjC.app */,
			);
			name = Products;
			sourceTree = "<group>";
		};
		3CE1B6452523C8BE003161F5 /* DeckOfOneCard-ObjC */ = {
			isa = PBXGroup;
			children = (
				3CE1B6642523CA47003161F5 /* Models */,
				3CE1B6632523CA44003161F5 /* Views */,
				3CE1B6622523CA40003161F5 /* Controllers */,
				3CE1B6612523CA3A003161F5 /* Resources */,
			);
			path = "DeckOfOneCard-ObjC";
			sourceTree = "<group>";
		};
		3CE1B6612523CA3A003161F5 /* Resources */ = {
			isa = PBXGroup;
			children = (
				3CE1B6462523C8BE003161F5 /* AppDelegate.h */,
				3CE1B6472523C8BE003161F5 /* AppDelegate.m */,
				3CE1B6492523C8BE003161F5 /* SceneDelegate.h */,
				3CE1B64A2523C8BE003161F5 /* SceneDelegate.m */,
				3CE1B6522523C8BF003161F5 /* Assets.xcassets */,
				3CE1B6542523C8BF003161F5 /* LaunchScreen.storyboard */,
				3CE1B6572523C8BF003161F5 /* Info.plist */,
				3CE1B6582523C8BF003161F5 /* main.m */,
			);
			path = Resources;
			sourceTree = "<group>";
		};
		3CE1B6622523CA40003161F5 /* Controllers */ = {
			isa = PBXGroup;
			children = (
				3CE1B6662523CA4E003161F5 /* ModelControllers */,
				3CE1B6652523CA4A003161F5 /* ViewControllers */,
			);
			path = Controllers;
			sourceTree = "<group>";
		};
		3CE1B6632523CA44003161F5 /* Views */ = {
			isa = PBXGroup;
			children = (
				3CE1B64F2523C8BE003161F5 /* Main.storyboard */,
			);
			path = Views;
			sourceTree = "<group>";
		};
		3CE1B6642523CA47003161F5 /* Models */ = {
			isa = PBXGroup;
			children = (
				3CE1B66A2523CB71003161F5 /* DVMCard.h */,
				3CE1B66B2523CB71003161F5 /* DVMCard.m */,
			);
			path = Models;
			sourceTree = "<group>";
		};
		3CE1B6652523CA4A003161F5 /* ViewControllers */ = {
			isa = PBXGroup;
			children = (
				3CE1B6732523E073003161F5 /* DVMCardViewController.swift */,
				3CE1B6722523E073003161F5 /* DeckOfOneCard-ObjC-Bridging-Header.h */,
			);
			path = ViewControllers;
			sourceTree = "<group>";
		};
		3CE1B6662523CA4E003161F5 /* ModelControllers */ = {
			isa = PBXGroup;
			children = (
				3CE1B66E2523D1E1003161F5 /* DVMCardController.h */,
				3CE1B66F2523D1E1003161F5 /* DVMCardController.m */,
			);
			path = ModelControllers;
			sourceTree = "<group>";
		};
/* End PBXGroup section */

/* Begin PBXNativeTarget section */
		3CE1B6422523C8BE003161F5 /* DeckOfOneCard-ObjC */ = {
			isa = PBXNativeTarget;
			buildConfigurationList = 3CE1B65C2523C8BF003161F5 /* Build configuration list for PBXNativeTarget "DeckOfOneCard-ObjC" */;
			buildPhases = (
				3CE1B63F2523C8BE003161F5 /* Sources */,
				3CE1B6402523C8BE003161F5 /* Frameworks */,
				3CE1B6412523C8BE003161F5 /* Resources */,
			);
			buildRules = (
			);
			dependencies = (
			);
			name = "DeckOfOneCard-ObjC";
			productName = "DeckOfOneCard-ObjC";
			productReference = 3CE1B6432523C8BE003161F5 /* DeckOfOneCard-ObjC.app */;
			productType = "com.apple.product-type.application";
		};
/* End PBXNativeTarget section */

/* Begin PBXProject section */
		3CE1B63B2523C8BE003161F5 /* Project object */ = {
			isa = PBXProject;
			attributes = {
				CLASSPREFIX = DVM;
				LastUpgradeCheck = 1200;
				ORGANIZATIONNAME = Koceja;
				TargetAttributes = {
					3CE1B6422523C8BE003161F5 = {
						CreatedOnToolsVersion = 12.0;
						LastSwiftMigration = 1200;
					};
				};
			};
			buildConfigurationList = 3CE1B63E2523C8BE003161F5 /* Build configuration list for PBXProject "DeckOfOneCard-ObjC" */;
			compatibilityVersion = "Xcode 9.3";
			developmentRegion = en;
			hasScannedForEncodings = 0;
			knownRegions = (
				en,
				Base,
			);
			mainGroup = 3CE1B63A2523C8BE003161F5;
			productRefGroup = 3CE1B6442523C8BE003161F5 /* Products */;
			projectDirPath = "";
			projectRoot = "";
			targets = (
				3CE1B6422523C8BE003161F5 /* DeckOfOneCard-ObjC */,
			);
		};
/* End PBXProject section */

/* Begin PBXResourcesBuildPhase section */
		3CE1B6412523C8BE003161F5 /* Resources */ = {
			isa = PBXResourcesBuildPhase;
			buildActionMask = 2147483647;
			files = (
				3CE1B6562523C8BF003161F5 /* LaunchScreen.storyboard in Resources */,
				3CE1B6532523C8BF003161F5 /* Assets.xcassets in Resources */,
				3CE1B6512523C8BE003161F5 /* Main.storyboard in Resources */,
			);
			runOnlyForDeploymentPostprocessing = 0;
		};
/* End PBXResourcesBuildPhase section */

/* Begin PBXSourcesBuildPhase section */
		3CE1B63F2523C8BE003161F5 /* Sources */ = {
			isa = PBXSourcesBuildPhase;
			buildActionMask = 2147483647;
			files = (
				3CE1B6482523C8BE003161F5 /* AppDelegate.m in Sources */,
				3CE1B6702523D1E1003161F5 /* DVMCardController.m in Sources */,
				3CE1B6742523E073003161F5 /* DVMCardViewController.swift in Sources */,
				3CE1B66C2523CB71003161F5 /* DVMCard.m in Sources */,
				3CE1B6592523C8BF003161F5 /* main.m in Sources */,
				3CE1B64B2523C8BE003161F5 /* SceneDelegate.m in Sources */,
			);
			runOnlyForDeploymentPostprocessing = 0;
		};
/* End PBXSourcesBuildPhase section */

/* Begin PBXVariantGroup section */
		3CE1B64F2523C8BE003161F5 /* Main.storyboard */ = {
			isa = PBXVariantGroup;
			children = (
				3CE1B6502523C8BE003161F5 /* Base */,
			);
			name = Main.storyboard;
			sourceTree = "<group>";
		};
		3CE1B6542523C8BF003161F5 /* LaunchScreen.storyboard */ = {
			isa = PBXVariantGroup;
			children = (
				3CE1B6552523C8BF003161F5 /* Base */,
			);
			name = LaunchScreen.storyboard;
			sourceTree = "<group>";
		};
/* End PBXVariantGroup section */

/* Begin XCBuildConfiguration section */
		3CE1B65A2523C8BF003161F5 /* Debug */ = {
			isa = XCBuildConfiguration;
			buildSettings = {
				ALWAYS_SEARCH_USER_PATHS = NO;
				CLANG_ANALYZER_NONNULL = YES;
				CLANG_ANALYZER_NUMBER_OBJECT_CONVERSION = YES_AGGRESSIVE;
				CLANG_CXX_LANGUAGE_STANDARD = "gnu++14";
				CLANG_CXX_LIBRARY = "libc++";
				CLANG_ENABLE_MODULES = YES;
				CLANG_ENABLE_OBJC_ARC = YES;
				CLANG_ENABLE_OBJC_WEAK = YES;
				CLANG_WARN_BLOCK_CAPTURE_AUTORELEASING = YES;
				CLANG_WARN_BOOL_CONVERSION = YES;
				CLANG_WARN_COMMA = YES;
				CLANG_WARN_CONSTANT_CONVERSION = YES;
				CLANG_WARN_DEPRECATED_OBJC_IMPLEMENTATIONS = YES;
				CLANG_WARN_DIRECT_OBJC_ISA_USAGE = YES_ERROR;
				CLANG_WARN_DOCUMENTATION_COMMENTS = YES;
				CLANG_WARN_EMPTY_BODY = YES;
				CLANG_WARN_ENUM_CONVERSION = YES;
				CLANG_WARN_INFINITE_RECURSION = YES;
				CLANG_WARN_INT_CONVERSION = YES;
				CLANG_WARN_NON_LITERAL_NULL_CONVERSION = YES;
				CLANG_WARN_OBJC_IMPLICIT_RETAIN_SELF = YES;
				CLANG_WARN_OBJC_LITERAL_CONVERSION = YES;
				CLANG_WARN_OBJC_ROOT_CLASS = YES_ERROR;
				CLANG_WARN_QUOTED_INCLUDE_IN_FRAMEWORK_HEADER = YES;
				CLANG_WARN_RANGE_LOOP_ANALYSIS = YES;
				CLANG_WARN_STRICT_PROTOTYPES = YES;
				CLANG_WARN_SUSPICIOUS_MOVE = YES;
				CLANG_WARN_UNGUARDED_AVAILABILITY = YES_AGGRESSIVE;
				CLANG_WARN_UNREACHABLE_CODE = YES;
				CLANG_WARN__DUPLICATE_METHOD_MATCH = YES;
				COPY_PHASE_STRIP = NO;
				DEBUG_INFORMATION_FORMAT = dwarf;
				ENABLE_STRICT_OBJC_MSGSEND = YES;
				ENABLE_TESTABILITY = YES;
				GCC_C_LANGUAGE_STANDARD = gnu11;
				GCC_DYNAMIC_NO_PIC = NO;
				GCC_NO_COMMON_BLOCKS = YES;
				GCC_OPTIMIZATION_LEVEL = 0;
				GCC_PREPROCESSOR_DEFINITIONS = (
					"DEBUG=1",
					"$(inherited)",
				);
				GCC_WARN_64_TO_32_BIT_CONVERSION = YES;
				GCC_WARN_ABOUT_RETURN_TYPE = YES_ERROR;
				GCC_WARN_UNDECLARED_SELECTOR = YES;
				GCC_WARN_UNINITIALIZED_AUTOS = YES_AGGRESSIVE;
				GCC_WARN_UNUSED_FUNCTION = YES;
				GCC_WARN_UNUSED_VARIABLE = YES;
				IPHONEOS_DEPLOYMENT_TARGET = 14.0;
				MTL_ENABLE_DEBUG_INFO = INCLUDE_SOURCE;
				MTL_FAST_MATH = YES;
				ONLY_ACTIVE_ARCH = YES;
				SDKROOT = iphoneos;
			};
			name = Debug;
		};
		3CE1B65B2523C8BF003161F5 /* Release */ = {
			isa = XCBuildConfiguration;
			buildSettings = {
				ALWAYS_SEARCH_USER_PATHS = NO;
				CLANG_ANALYZER_NONNULL = YES;
				CLANG_ANALYZER_NUMBER_OBJECT_CONVERSION = YES_AGGRESSIVE;
				CLANG_CXX_LANGUAGE_STANDARD = "gnu++14";
				CLANG_CXX_LIBRARY = "libc++";
				CLANG_ENABLE_MODULES = YES;
				CLANG_ENABLE_OBJC_ARC = YES;
				CLANG_ENABLE_OBJC_WEAK = YES;
				CLANG_WARN_BLOCK_CAPTURE_AUTORELEASING = YES;
				CLANG_WARN_BOOL_CONVERSION = YES;
				CLANG_WARN_COMMA = YES;
				CLANG_WARN_CONSTANT_CONVERSION = YES;
				CLANG_WARN_DEPRECATED_OBJC_IMPLEMENTATIONS = YES;
				CLANG_WARN_DIRECT_OBJC_ISA_USAGE = YES_ERROR;
				CLANG_WARN_DOCUMENTATION_COMMENTS = YES;
				CLANG_WARN_EMPTY_BODY = YES;
				CLANG_WARN_ENUM_CONVERSION = YES;
				CLANG_WARN_INFINITE_RECURSION = YES;
				CLANG_WARN_INT_CONVERSION = YES;
				CLANG_WARN_NON_LITERAL_NULL_CONVERSION = YES;
				CLANG_WARN_OBJC_IMPLICIT_RETAIN_SELF = YES;
				CLANG_WARN_OBJC_LITERAL_CONVERSION = YES;
				CLANG_WARN_OBJC_ROOT_CLASS = YES_ERROR;
				CLANG_WARN_QUOTED_INCLUDE_IN_FRAMEWORK_HEADER = YES;
				CLANG_WARN_RANGE_LOOP_ANALYSIS = YES;
				CLANG_WARN_STRICT_PROTOTYPES = YES;
				CLANG_WARN_SUSPICIOUS_MOVE = YES;
				CLANG_WARN_UNGUARDED_AVAILABILITY = YES_AGGRESSIVE;
				CLANG_WARN_UNREACHABLE_CODE = YES;
				CLANG_WARN__DUPLICATE_METHOD_MATCH = YES;
				COPY_PHASE_STRIP = NO;
				DEBUG_INFORMATION_FORMAT = "dwarf-with-dsym";
				ENABLE_NS_ASSERTIONS = NO;
				ENABLE_STRICT_OBJC_MSGSEND = YES;
				GCC_C_LANGUAGE_STANDARD = gnu11;
				GCC_NO_COMMON_BLOCKS = YES;
				GCC_WARN_64_TO_32_BIT_CONVERSION = YES;
				GCC_WARN_ABOUT_RETURN_TYPE = YES_ERROR;
				GCC_WARN_UNDECLARED_SELECTOR = YES;
				GCC_WARN_UNINITIALIZED_AUTOS = YES_AGGRESSIVE;
				GCC_WARN_UNUSED_FUNCTION = YES;
				GCC_WARN_UNUSED_VARIABLE = YES;
				IPHONEOS_DEPLOYMENT_TARGET = 14.0;
				MTL_ENABLE_DEBUG_INFO = NO;
				MTL_FAST_MATH = YES;
				SDKROOT = iphoneos;
				VALIDATE_PRODUCT = YES;
			};
			name = Release;
		};
		3CE1B65D2523C8BF003161F5 /* Debug */ = {
			isa = XCBuildConfiguration;
			buildSettings = {
				ASSETCATALOG_COMPILER_APPICON_NAME = AppIcon;
				ASSETCATALOG_COMPILER_GLOBAL_ACCENT_COLOR_NAME = AccentColor;
				CLANG_ENABLE_MODULES = YES;
				CODE_SIGN_STYLE = Automatic;
				DEVELOPMENT_TEAM = 268JS24689;
				INFOPLIST_FILE = "DeckOfOneCard-ObjC/Resources/Info.plist";
				LD_RUNPATH_SEARCH_PATHS = (
					"$(inherited)",
					"@executable_path/Frameworks",
				);
				PRODUCT_BUNDLE_IDENTIFIER = "com.koceja.DeckOfOneCard-ObjC";
				PRODUCT_NAME = "$(TARGET_NAME)";
				SWIFT_OBJC_BRIDGING_HEADER = "DeckOfOneCard-ObjC/Controllers/ViewControllers/DeckOfOneCard-ObjC-Bridging-Header.h";
				SWIFT_OPTIMIZATION_LEVEL = "-Onone";
				SWIFT_VERSION = 5.0;
				TARGETED_DEVICE_FAMILY = "1,2";
			};
			name = Debug;
		};
		3CE1B65E2523C8BF003161F5 /* Release */ = {
			isa = XCBuildConfiguration;
			buildSettings = {
				ASSETCATALOG_COMPILER_APPICON_NAME = AppIcon;
				ASSETCATALOG_COMPILER_GLOBAL_ACCENT_COLOR_NAME = AccentColor;
				CLANG_ENABLE_MODULES = YES;
				CODE_SIGN_STYLE = Automatic;
				DEVELOPMENT_TEAM = 268JS24689;
				INFOPLIST_FILE = "DeckOfOneCard-ObjC/Resources/Info.plist";
				LD_RUNPATH_SEARCH_PATHS = (
					"$(inherited)",
					"@executable_path/Frameworks",
				);
				PRODUCT_BUNDLE_IDENTIFIER = "com.koceja.DeckOfOneCard-ObjC";
				PRODUCT_NAME = "$(TARGET_NAME)";
				SWIFT_OBJC_BRIDGING_HEADER = "DeckOfOneCard-ObjC/Controllers/ViewControllers/DeckOfOneCard-ObjC-Bridging-Header.h";
				SWIFT_VERSION = 5.0;
				TARGETED_DEVICE_FAMILY = "1,2";
			};
			name = Release;
		};
/* End XCBuildConfiguration section */

/* Begin XCConfigurationList section */
		3CE1B63E2523C8BE003161F5 /* Build configuration list for PBXProject "DeckOfOneCard-ObjC" */ = {
			isa = XCConfigurationList;
			buildConfigurations = (
				3CE1B65A2523C8BF003161F5 /* Debug */,
				3CE1B65B2523C8BF003161F5 /* Release */,
			);
			defaultConfigurationIsVisible = 0;
			defaultConfigurationName = Release;
		};
		3CE1B65C2523C8BF003161F5 /* Build configuration list for PBXNativeTarget "DeckOfOneCard-ObjC" */ = {
			isa = XCConfigurationList;
			buildConfigurations = (
				3CE1B65D2523C8BF003161F5 /* Debug */,
				3CE1B65E2523C8BF003161F5 /* Release */,
			);
			defaultConfigurationIsVisible = 0;
			defaultConfigurationName = Release;
		};
/* End XCConfigurationList section */
	};
	rootObject = 3CE1B63B2523C8BE003161F5 /* Project object */;
}
